
Microsoft Visual Studio Solution File, Format Version 12.00
# Visual Studio Version 17
VisualStudioVersion = 17.7.34003.232
MinimumVisualStudioVersion = 10.0.40219.1
Project("{FAE04EC0-301F-11D3-BF4B-00C04F79EFBC}") = "ToDo", "ToDo.csproj", "{C1757AE7-8E1A-4B55-A244-33391F8251DC}"
EndProject
Project("{FAE04EC0-301F-11D3-BF4B-00C04F79EFBC}") = "DataAccess", "..\DataAccess\DataAccess.csproj", "{6D3458B8-3C95-4554-8B4A-D1C0DC58C356}"
EndProject
Global
	GlobalSection(SolutionConfigurationPlatforms) = preSolution
		Debug|Any CPU = Debug|Any CPU
		Release|Any CPU = Release|Any CPU
	EndGlobalSection
	GlobalSection(ProjectConfigurationPlatforms) = postSolution
		{C1757AE7-8E1A-4B55-A244-33391F8251DC}.Debug|Any CPU.ActiveCfg = Debug|Any CPU
		{C1757AE7-8E1A-4B55-A244-33391F8251DC}.Debug|Any CPU.Build.0 = Debug|Any CPU
		{C1757AE7-8E1A-4B55-A244-33391F8251DC}.Release|Any CPU.ActiveCfg = Release|Any CPU
		{C1757AE7-8E1A-4B55-A244-33391F8251DC}.Release|Any CPU.Build.0 = Release|Any CPU
		{6D3458B8-3C95-4554-8B4A-D1C0DC58C356}.Debug|Any CPU.ActiveCfg = Debug|Any CPU
		{6D3458B8-3C95-4554-8B4A-D1C0DC58C356}.Debug|Any CPU.Build.0 = Debug|Any CPU
		{6D3458B8-3C95-4554-8B4A-D1C0DC58C356}.Release|Any CPU.ActiveCfg = Release|Any CPU
		{6D3458B8-3C95-4554-8B4A-D1C0DC58C356}.Release|Any CPU.Build.0 = Release|Any CPU
	EndGlobalSection
	GlobalSection(SolutionProperties) = preSolution
		HideSolutionNode = FALSE
	EndGlobalSection
	GlobalSection(ExtensibilityGlobals) = postSolution
		SolutionGuid = {60705FD8-3C9B-4D4C-BBAF-91C85B8BBDEB}
	EndGlobalSection
EndGlobal
